{
  "name": "metaverse-sky",
  "version": "0.2.1",
  "lockfileVersion": 3,
  "requires": true,
  "packages": {
    "": {
      "name": "metaverse-sky",
      "version": "0.2.1",
      "license": "MIT",
      "peerDependencies": {
        "three": "^0.185.0"
      }
    },
    "node_modules/three": {
      "version": "0.185.0",
      "resolved": "https://registry.npmjs.org/three/-/three-0.185.0.tgz",
      "integrity": "sha512-+yRrcRO2iZa8uzvNNl0d7cL4huhgKgBvVJ0njcTe8xFqZ6DMAFZdCKDP91SEAuj25bNAj7k1QQdf+srZywVK6w==",
      "license": "MIT",
      "peer": true
    }
  }
}
